
Microsoft Visual Studio Solution File, Format Version 12.00
# Visual Studio Version 17
VisualStudioVersion = 17.1.32210.238
MinimumVisualStudioVersion = 10.0.40219.1
Project("{9A19103F-16F7-4668-BE54-9A1E7A4F7556}") = "SocketConnect", "SocketConnect\SocketConnect.csproj", "{3D050696-8B84-4831-AF0F-74C186604DEE}"
EndProject
Project("{9A19103F-16F7-4668-BE54-9A1E7A4F7556}") = "IRC", "IRC\IRC.csproj", "{FC5F2F31-D090-4068-9DC9-C45B899FE3F3}"
EndProject
Project("{9A19103F-16F7-4668-BE54-9A1E7A4F7556}") = "ConcurrentNetworkApplications", "ConcurrentNetworkApplications\ConcurrentNetworkApplications.csproj", "{E76EBF4A-15C9-458A-A886-C90133FF2E98}"
EndProject
Project("{FAE04EC0-301F-11D3-BF4B-00C04F79EFBC}") = "GUI", "GUI\GUI.csproj", "{B14B63BD-E5C3-4B6A-B1DC-4406F49749CD}"
EndProject
Project("{9A19103F-16F7-4668-BE54-9A1E7A4F7556}") = "CubedChess", "Chess\CubedChess.csproj", "{A4BA9373-B4F9-43BD-936D-9C4CF8B3B3C1}"
EndProject
Global
	GlobalSection(SolutionConfigurationPlatforms) = preSolution
		Debug|Any CPU = Debug|Any CPU
		Debug|x64 = Debug|x64
		Debug|x86 = Debug|x86
		Release|Any CPU = Release|Any CPU
		Release|x64 = Release|x64
		Release|x86 = Release|x86
	EndGlobalSection
	GlobalSection(ProjectConfigurationPlatforms) = postSolution
		{3D050696-8B84-4831-AF0F-74C186604DEE}.Debug|Any CPU.ActiveCfg = Debug|Any CPU
		{3D050696-8B84-4831-AF0F-74C186604DEE}.Debug|Any CPU.Build.0 = Debug|Any CPU
		{3D050696-8B84-4831-AF0F-74C186604DEE}.Debug|x64.ActiveCfg = Debug|Any CPU
		{3D050696-8B84-4831-AF0F-74C186604DEE}.Debug|x64.Build.0 = Debug|Any CPU
		{3D050696-8B84-4831-AF0F-74C186604DEE}.Debug|x86.ActiveCfg = Debug|Any CPU
		{3D050696-8B84-4831-AF0F-74C186604DEE}.Debug|x86.Build.0 = Debug|Any CPU
		{3D050696-8B84-4831-AF0F-74C186604DEE}.Release|Any CPU.ActiveCfg = Release|Any CPU
		{3D050696-8B84-4831-AF0F-74C186604DEE}.Release|Any CPU.Build.0 = Release|Any CPU
		{3D050696-8B84-4831-AF0F-74C186604DEE}.Release|x64.ActiveCfg = Release|Any CPU
		{3D050696-8B84-4831-AF0F-74C186604DEE}.Release|x64.Build.0 = Release|Any CPU
		{3D050696-8B84-4831-AF0F-74C186604DEE}.Release|x86.ActiveCfg = Release|Any CPU
		{3D050696-8B84-4831-AF0F-74C186604DEE}.Release|x86.Build.0 = Release|Any CPU
		{FC5F2F31-D090-4068-9DC9-C45B899FE3F3}.Debug|Any CPU.ActiveCfg = Debug|Any CPU
		{FC5F2F31-D090-4068-9DC9-C45B899FE3F3}.Debug|Any CPU.Build.0 = Debug|Any CPU
		{FC5F2F31-D090-4068-9DC9-C45B899FE3F3}.Debug|x64.ActiveCfg = Debug|Any CPU
		{FC5F2F31-D090-4068-9DC9-C45B899FE3F3}.Debug|x64.Build.0 = Debug|Any CPU
		{FC5F2F31-D090-4068-9DC9-C45B899FE3F3}.Debug|x86.ActiveCfg = Debug|Any CPU
		{FC5F2F31-D090-4068-9DC9-C45B899FE3F3}.Debug|x86.Build.0 = Debug|Any CPU
		{FC5F2F31-D090-4068-9DC9-C45B899FE3F3}.Release|Any CPU.ActiveCfg = Release|Any CPU
		{FC5F2F31-D090-4068-9DC9-C45B899FE3F3}.Release|Any CPU.Build.0 = Release|Any CPU
		{FC5F2F31-D090-4068-9DC9-C45B899FE3F3}.Release|x64.ActiveCfg = Release|Any CPU
		{FC5F2F31-D090-4068-9DC9-C45B899FE3F3}.Release|x64.Build.0 = Release|Any CPU
		{FC5F2F31-D090-4068-9DC9-C45B899FE3F3}.Release|x86.ActiveCfg = Release|Any CPU
		{FC5F2F31-D090-4068-9DC9-C45B899FE3F3}.Release|x86.Build.0 = Release|Any CPU
		{E76EBF4A-15C9-458A-A886-C90133FF2E98}.Debug|Any CPU.ActiveCfg = Debug|Any CPU
		{E76EBF4A-15C9-458A-A886-C90133FF2E98}.Debug|Any CPU.Build.0 = Debug|Any CPU
		{E76EBF4A-15C9-458A-A886-C90133FF2E98}.Debug|x64.ActiveCfg = Debug|Any CPU
		{E76EBF4A-15C9-458A-A886-C90133FF2E98}.Debug|x64.Build.0 = Debug|Any CPU
		{E76EBF4A-15C9-458A-A886-C90133FF2E98}.Debug|x86.ActiveCfg = Debug|Any CPU
		{E76EBF4A-15C9-458A-A886-C90133FF2E98}.Debug|x86.Build.0 = Debug|Any CPU
		{E76EBF4A-15C9-458A-A886-C90133FF2E98}.Release|Any CPU.ActiveCfg = Release|Any CPU
		{E76EBF4A-15C9-458A-A886-C90133FF2E98}.Release|Any CPU.Build.0 = Release|Any CPU
		{E76EBF4A-15C9-458A-A886-C90133FF2E98}.Release|x64.ActiveCfg = Release|Any CPU
		{E76EBF4A-15C9-458A-A886-C90133FF2E98}.Release|x64.Build.0 = Release|Any CPU
		{E76EBF4A-15C9-458A-A886-C90133FF2E98}.Release|x86.ActiveCfg = Release|Any CPU
		{E76EBF4A-15C9-458A-A886-C90133FF2E98}.Release|x86.Build.0 = Release|Any CPU
		{B14B63BD-E5C3-4B6A-B1DC-4406F49749CD}.Debug|Any CPU.ActiveCfg = Debug|Any CPU
		{B14B63BD-E5C3-4B6A-B1DC-4406F49749CD}.Debug|Any CPU.Build.0 = Debug|Any CPU
		{B14B63BD-E5C3-4B6A-B1DC-4406F49749CD}.Debug|x64.ActiveCfg = Debug|Any CPU
		{B14B63BD-E5C3-4B6A-B1DC-4406F49749CD}.Debug|x64.Build.0 = Debug|Any CPU
		{B14B63BD-E5C3-4B6A-B1DC-4406F49749CD}.Debug|x86.ActiveCfg = Debug|Any CPU
		{B14B63BD-E5C3-4B6A-B1DC-4406F49749CD}.Debug|x86.Build.0 = Debug|Any CPU
		{B14B63BD-E5C3-4B6A-B1DC-4406F49749CD}.Release|Any CPU.ActiveCfg = Release|Any CPU
		{B14B63BD-E5C3-4B6A-B1DC-4406F49749CD}.Release|Any CPU.Build.0 = Release|Any CPU
		{B14B63BD-E5C3-4B6A-B1DC-4406F49749CD}.Release|x64.ActiveCfg = Release|Any CPU
		{B14B63BD-E5C3-4B6A-B1DC-4406F49749CD}.Release|x64.Build.0 = Release|Any CPU
		{B14B63BD-E5C3-4B6A-B1DC-4406F49749CD}.Release|x86.ActiveCfg = Release|Any CPU
		{B14B63BD-E5C3-4B6A-B1DC-4406F49749CD}.Release|x86.Build.0 = Release|Any CPU
		{A4BA9373-B4F9-43BD-936D-9C4CF8B3B3C1}.Debug|Any CPU.ActiveCfg = Debug|Any CPU
		{A4BA9373-B4F9-43BD-936D-9C4CF8B3B3C1}.Debug|Any CPU.Build.0 = Debug|Any CPU
		{A4BA9373-B4F9-43BD-936D-9C4CF8B3B3C1}.Debug|x64.ActiveCfg = Debug|Any CPU
		{A4BA9373-B4F9-43BD-936D-9C4CF8B3B3C1}.Debug|x64.Build.0 = Debug|Any CPU
		{A4BA9373-B4F9-43BD-936D-9C4CF8B3B3C1}.Debug|x86.ActiveCfg = Debug|Any CPU
		{A4BA9373-B4F9-43BD-936D-9C4CF8B3B3C1}.Debug|x86.Build.0 = Debug|Any CPU
		{A4BA9373-B4F9-43BD-936D-9C4CF8B3B3C1}.Release|Any CPU.ActiveCfg = Release|Any CPU
		{A4BA9373-B4F9-43BD-936D-9C4CF8B3B3C1}.Release|Any CPU.Build.0 = Release|Any CPU
		{A4BA9373-B4F9-43BD-936D-9C4CF8B3B3C1}.Release|x64.ActiveCfg = Release|Any CPU
		{A4BA9373-B4F9-43BD-936D-9C4CF8B3B3C1}.Release|x64.Build.0 = Release|Any CPU
		{A4BA9373-B4F9-43BD-936D-9C4CF8B3B3C1}.Release|x86.ActiveCfg = Release|Any CPU
		{A4BA9373-B4F9-43BD-936D-9C4CF8B3B3C1}.Release|x86.Build.0 = Release|Any CPU
	EndGlobalSection
	GlobalSection(SolutionProperties) = preSolution
		HideSolutionNode = FALSE
	EndGlobalSection
	GlobalSection(ExtensibilityGlobals) = postSolution
		SolutionGuid = {62FFE69B-0CFA-42F8-AE60-25D5F71DCE65}
	EndGlobalSection
EndGlobal
